
Microsoft Visual Studio Solution File, Format Version 12.00
Project("{FAE04EC0-301F-11D3-BF4B-00C04F79EFBC}") = "SeeFrontendTry002", "SeeFrontendTry002.csproj", "{38F19564-409A-41A4-BAD5-B63481DF9C35}"
EndProject
Project("{2150E333-8FDC-42A3-9474-1A3956D46DE8}") = "Solution Items", "Solution Items", "{10111FC7-9A10-453B-9FF7-62FC9482CDD6}"
	ProjectSection(SolutionItems) = preProject
		compose.yaml = compose.yaml
	EndProjectSection
EndProject
Global
	GlobalSection(SolutionConfigurationPlatforms) = preSolution
		Debug|Any CPU = Debug|Any CPU
		Release|Any CPU = Release|Any CPU
	EndGlobalSection
	GlobalSection(ProjectConfigurationPlatforms) = postSolution
		{38F19564-409A-41A4-BAD5-B63481DF9C35}.Debug|Any CPU.ActiveCfg = Debug|Any CPU
		{38F19564-409A-41A4-BAD5-B63481DF9C35}.Debug|Any CPU.Build.0 = Debug|Any CPU
		{38F19564-409A-41A4-BAD5-B63481DF9C35}.Release|Any CPU.ActiveCfg = Release|Any CPU
		{38F19564-409A-41A4-BAD5-B63481DF9C35}.Release|Any CPU.Build.0 = Release|Any CPU
	EndGlobalSection
EndGlobal
